
Microsoft Visual Studio Solution File, Format Version 12.00
# Visual Studio Version 17
VisualStudioVersion = 17.14.36203.30 d17.14
MinimumVisualStudioVersion = 10.0.40219.1
Project("{FAE04EC0-301F-11D3-BF4B-00C04F79EFBC}") = "Practica-Preparcial2 - Arik", "Practica-Preparcial2 - Arik.csproj", "{65260A6C-1565-49D5-A6D4-D9FB2258E394}"
EndProject
Global
	GlobalSection(SolutionConfigurationPlatforms) = preSolution
		Debug|Any CPU = Debug|Any CPU
		Release|Any CPU = Release|Any CPU
	EndGlobalSection
	GlobalSection(ProjectConfigurationPlatforms) = postSolution
		{65260A6C-1565-49D5-A6D4-D9FB2258E394}.Debug|Any CPU.ActiveCfg = Debug|Any CPU
		{65260A6C-1565-49D5-A6D4-D9FB2258E394}.Debug|Any CPU.Build.0 = Debug|Any CPU
		{65260A6C-1565-49D5-A6D4-D9FB2258E394}.Release|Any CPU.ActiveCfg = Release|Any CPU
		{65260A6C-1565-49D5-A6D4-D9FB2258E394}.Release|Any CPU.Build.0 = Release|Any CPU
	EndGlobalSection
	GlobalSection(SolutionProperties) = preSolution
		HideSolutionNode = FALSE
	EndGlobalSection
	GlobalSection(ExtensibilityGlobals) = postSolution
		SolutionGuid = {F8E7AA9D-48F3-48BA-9DCF-65B6A725D6AC}
	EndGlobalSection
EndGlobal
